
Microsoft Visual Studio Solution File, Format Version 12.00
# Visual Studio 15
VisualStudioVersion = 15.0.28307.168
MinimumVisualStudioVersion = 10.0.40219.1
Project("{FAE04EC0-301F-11D3-BF4B-00C04F79EFBC}") = "JMS", "Job Management Software\JMS.csproj", "{CF979644-93A4-490C-B2AB-51C02035C14A}"
EndProject
Project("{FAE04EC0-301F-11D3-BF4B-00C04F79EFBC}") = "JobCreationTool", "JobCreationTool\JobCreationTool.csproj", "{6F188BB6-D488-4591-91B6-4B89F6F973AA}"
EndProject
Project("{FAE04EC0-301F-11D3-BF4B-00C04F79EFBC}") = "JMSFunctions", "JMSFunctions\JMSFunctions.csproj", "{E80EA6CA-8207-41F2-8FA6-3754FC9DF628}"
EndProject
Project("{FAE04EC0-301F-11D3-BF4B-00C04F79EFBC}") = "MDG_UC", "MDG_UC\MDG_UC.csproj", "{39B644F1-5DCA-4581-98DA-C4A362FA4C61}"
EndProject
Global
	GlobalSection(SolutionConfigurationPlatforms) = preSolution
		Debug|Any CPU = Debug|Any CPU
		Release|Any CPU = Release|Any CPU
	EndGlobalSection
	GlobalSection(ProjectConfigurationPlatforms) = postSolution
		{CF979644-93A4-490C-B2AB-51C02035C14A}.Debug|Any CPU.ActiveCfg = Debug|Any CPU
		{CF979644-93A4-490C-B2AB-51C02035C14A}.Debug|Any CPU.Build.0 = Debug|Any CPU
		{CF979644-93A4-490C-B2AB-51C02035C14A}.Release|Any CPU.ActiveCfg = Debug|Any CPU
		{CF979644-93A4-490C-B2AB-51C02035C14A}.Release|Any CPU.Build.0 = Debug|Any CPU
		{6F188BB6-D488-4591-91B6-4B89F6F973AA}.Debug|Any CPU.ActiveCfg = Debug|Any CPU
		{6F188BB6-D488-4591-91B6-4B89F6F973AA}.Debug|Any CPU.Build.0 = Debug|Any CPU
		{6F188BB6-D488-4591-91B6-4B89F6F973AA}.Release|Any CPU.ActiveCfg = Debug|Any CPU
		{6F188BB6-D488-4591-91B6-4B89F6F973AA}.Release|Any CPU.Build.0 = Debug|Any CPU
		{E80EA6CA-8207-41F2-8FA6-3754FC9DF628}.Debug|Any CPU.ActiveCfg = Debug|Any CPU
		{E80EA6CA-8207-41F2-8FA6-3754FC9DF628}.Debug|Any CPU.Build.0 = Debug|Any CPU
		{E80EA6CA-8207-41F2-8FA6-3754FC9DF628}.Release|Any CPU.ActiveCfg = Debug|Any CPU
		{E80EA6CA-8207-41F2-8FA6-3754FC9DF628}.Release|Any CPU.Build.0 = Debug|Any CPU
		{39B644F1-5DCA-4581-98DA-C4A362FA4C61}.Debug|Any CPU.ActiveCfg = Debug|Any CPU
		{39B644F1-5DCA-4581-98DA-C4A362FA4C61}.Debug|Any CPU.Build.0 = Debug|Any CPU
		{39B644F1-5DCA-4581-98DA-C4A362FA4C61}.Release|Any CPU.ActiveCfg = Release|Any CPU
		{39B644F1-5DCA-4581-98DA-C4A362FA4C61}.Release|Any CPU.Build.0 = Release|Any CPU
	EndGlobalSection
	GlobalSection(SolutionProperties) = preSolution
		HideSolutionNode = FALSE
	EndGlobalSection
	GlobalSection(ExtensibilityGlobals) = postSolution
		SolutionGuid = {B61CD075-A34E-4A90-900A-8554A87DE790}
	EndGlobalSection
EndGlobal
